
Microsoft Visual Studio Solution File, Format Version 12.00
# Visual Studio 2013
VisualStudioVersion = 12.0.21005.1
MinimumVisualStudioVersion = 10.0.40219.1
Project("{FAE04EC0-301F-11D3-BF4B-00C04F79EFBC}") = "Database", "LibraryDatabase\Database.csproj", "{B5A7D4F6-4255-4FFE-82D2-D9986377175F}"
EndProject
Project("{FAE04EC0-301F-11D3-BF4B-00C04F79EFBC}") = "Design", "Design\Design.csproj", "{B8855BA9-AF67-4603-9561-6A2889D86847}"
EndProject
Global
	GlobalSection(SolutionConfigurationPlatforms) = preSolution
		Debug|Any CPU = Debug|Any CPU
		Release|Any CPU = Release|Any CPU
	EndGlobalSection
	GlobalSection(ProjectConfigurationPlatforms) = postSolution
		{B5A7D4F6-4255-4FFE-82D2-D9986377175F}.Debug|Any CPU.ActiveCfg = Debug|Any CPU
		{B5A7D4F6-4255-4FFE-82D2-D9986377175F}.Debug|Any CPU.Build.0 = Debug|Any CPU
		{B5A7D4F6-4255-4FFE-82D2-D9986377175F}.Release|Any CPU.ActiveCfg = Release|Any CPU
		{B5A7D4F6-4255-4FFE-82D2-D9986377175F}.Release|Any CPU.Build.0 = Release|Any CPU
		{B8855BA9-AF67-4603-9561-6A2889D86847}.Debug|Any CPU.ActiveCfg = Debug|Any CPU
		{B8855BA9-AF67-4603-9561-6A2889D86847}.Debug|Any CPU.Build.0 = Debug|Any CPU
		{B8855BA9-AF67-4603-9561-6A2889D86847}.Release|Any CPU.ActiveCfg = Release|Any CPU
		{B8855BA9-AF67-4603-9561-6A2889D86847}.Release|Any CPU.Build.0 = Release|Any CPU
	EndGlobalSection
	GlobalSection(SolutionProperties) = preSolution
		HideSolutionNode = FALSE
	EndGlobalSection
EndGlobal
